
Microsoft Visual Studio Solution File, Format Version 12.00
# Visual Studio Version 17
VisualStudioVersion = 17.6.33829.357
MinimumVisualStudioVersion = 10.0.40219.1
Project("{FAE04EC0-301F-11D3-BF4B-00C04F79EFBC}") = "Csharp_dongho", "Csharp_dongho.csproj", "{21EA9EBF-463C-4FDF-B6E9-FFE418D97AE1}"
EndProject
Global
	GlobalSection(SolutionConfigurationPlatforms) = preSolution
		Debug|Any CPU = Debug|Any CPU
		Release|Any CPU = Release|Any CPU
	EndGlobalSection
	GlobalSection(ProjectConfigurationPlatforms) = postSolution
		{21EA9EBF-463C-4FDF-B6E9-FFE418D97AE1}.Debug|Any CPU.ActiveCfg = Debug|Any CPU
		{21EA9EBF-463C-4FDF-B6E9-FFE418D97AE1}.Debug|Any CPU.Build.0 = Debug|Any CPU
		{21EA9EBF-463C-4FDF-B6E9-FFE418D97AE1}.Release|Any CPU.ActiveCfg = Release|Any CPU
		{21EA9EBF-463C-4FDF-B6E9-FFE418D97AE1}.Release|Any CPU.Build.0 = Release|Any CPU
	EndGlobalSection
	GlobalSection(SolutionProperties) = preSolution
		HideSolutionNode = FALSE
	EndGlobalSection
	GlobalSection(ExtensibilityGlobals) = postSolution
		SolutionGuid = {972FF694-AE38-4697-98F8-61442E0C747B}
	EndGlobalSection
EndGlobal
